// !$*UTF8*$!
{
	archiveVersion = 1;
	classes = {
	};
	objectVersion = 56;
	objects = {

/* Begin PBXBuildFile section */
		8B8198722CA081B800DF3341 /* ImageZoomViewController.swift in Sources */ = {isa = PBXBuildFile; fileRef = 8B8198712CA081B800DF3341 /* ImageZoomViewController.swift */; };
		8BA4509B2C9913BB00F92002 /* AppDelegate.swift in Sources */ = {isa = PBXBuildFile; fileRef = 8BA4509A2C9913BB00F92002 /* AppDelegate.swift */; };
		8BA4509D2C9913BB00F92002 /* SceneDelegate.swift in Sources */ = {isa = PBXBuildFile; fileRef = 8BA4509C2C9913BB00F92002 /* SceneDelegate.swift */; };
		8BA4509F2C9913BB00F92002 /* ViewController.swift in Sources */ = {isa = PBXBuildFile; fileRef = 8BA4509E2C9913BB00F92002 /* ViewController.swift */; };
		8BA450A22C9913BB00F92002 /* Base in Resources */ = {isa = PBXBuildFile; fileRef = 8BA450A12C9913BB00F92002 /* Base */; };
		8BA450A42C9913BD00F92002 /* Assets.xcassets in Resources */ = {isa = PBXBuildFile; fileRef = 8BA450A32C9913BD00F92002 /* Assets.xcassets */; };
		8BA450A72C9913BD00F92002 /* Base in Resources */ = {isa = PBXBuildFile; fileRef = 8BA450A62C9913BD00F92002 /* Base */; };
		8BA450B52C99228200F92002 /* MovieTableViewController.swift in Sources */ = {isa = PBXBuildFile; fileRef = 8BA450B42C99228200F92002 /* MovieTableViewController.swift */; };
		8BA450B72C99248500F92002 /* MovieDetailViewController.swift in Sources */ = {isa = PBXBuildFile; fileRef = 8BA450B62C99248500F92002 /* MovieDetailViewController.swift */; };
		8BA450B92C9A5F3600F92002 /* Movie.swift in Sources */ = {isa = PBXBuildFile; fileRef = 8BA450B82C9A5F3600F92002 /* Movie.swift */; };
		8BA450BB2C9A5F5700F92002 /* MovieManager.swift in Sources */ = {isa = PBXBuildFile; fileRef = 8BA450BA2C9A5F5700F92002 /* MovieManager.swift */; };
		EB3ED2082C9FB7E900070D8A /* FavoritesManager.swift in Sources */ = {isa = PBXBuildFile; fileRef = EB3ED2072C9FB7E900070D8A /* FavoritesManager.swift */; };
		EB3ED20A2C9FBF8A00070D8A /* FavoritesCollectionViewController.swift in Sources */ = {isa = PBXBuildFile; fileRef = EB3ED2092C9FBF8A00070D8A /* FavoritesCollectionViewController.swift */; };
		EB3ED20C2CA09BFF00070D8A /* MovieCollectionViewCell.swift in Sources */ = {isa = PBXBuildFile; fileRef = EB3ED20B2CA09BFF00070D8A /* MovieCollectionViewCell.swift */; };
		F932389B2CA0E23000B82035 /* WatchedMoviesMarker.m in Sources */ = {isa = PBXBuildFile; fileRef = F932389A2CA0E23000B82035 /* WatchedMoviesMarker.m */; };
/* End PBXBuildFile section */

/* Begin PBXFileReference section */
		8B8198712CA081B800DF3341 /* ImageZoomViewController.swift */ = {isa = PBXFileReference; lastKnownFileType = sourcecode.swift; path = ImageZoomViewController.swift; sourceTree = "<group>"; };
		8BA450972C9913BB00F92002 /* Lab 1.app */ = {isa = PBXFileReference; explicitFileType = wrapper.application; includeInIndex = 0; path = "Lab 1.app"; sourceTree = BUILT_PRODUCTS_DIR; };
		8BA4509A2C9913BB00F92002 /* AppDelegate.swift */ = {isa = PBXFileReference; lastKnownFileType = sourcecode.swift; path = AppDelegate.swift; sourceTree = "<group>"; };
		8BA4509C2C9913BB00F92002 /* SceneDelegate.swift */ = {isa = PBXFileReference; lastKnownFileType = sourcecode.swift; path = SceneDelegate.swift; sourceTree = "<group>"; };
		8BA4509E2C9913BB00F92002 /* ViewController.swift */ = {isa = PBXFileReference; lastKnownFileType = sourcecode.swift; path = ViewController.swift; sourceTree = "<group>"; };
		8BA450A12C9913BB00F92002 /* Base */ = {isa = PBXFileReference; lastKnownFileType = file.storyboard; name = Base; path = Base.lproj/Main.storyboard; sourceTree = "<group>"; };
		8BA450A32C9913BD00F92002 /* Assets.xcassets */ = {isa = PBXFileReference; lastKnownFileType = folder.assetcatalog; path = Assets.xcassets; sourceTree = "<group>"; };
		8BA450A62C9913BD00F92002 /* Base */ = {isa = PBXFileReference; lastKnownFileType = file.storyboard; name = Base; path = Base.lproj/LaunchScreen.storyboard; sourceTree = "<group>"; };
		8BA450A82C9913BD00F92002 /* Info.plist */ = {isa = PBXFileReference; lastKnownFileType = text.plist.xml; path = Info.plist; sourceTree = "<group>"; };
		8BA450B42C99228200F92002 /* MovieTableViewController.swift */ = {isa = PBXFileReference; lastKnownFileType = sourcecode.swift; path = MovieTableViewController.swift; sourceTree = "<group>"; };
		8BA450B62C99248500F92002 /* MovieDetailViewController.swift */ = {isa = PBXFileReference; lastKnownFileType = sourcecode.swift; path = MovieDetailViewController.swift; sourceTree = "<group>"; };
		8BA450B82C9A5F3600F92002 /* Movie.swift */ = {isa = PBXFileReference; lastKnownFileType = sourcecode.swift; path = Movie.swift; sourceTree = "<group>"; };
		8BA450BA2C9A5F5700F92002 /* MovieManager.swift */ = {isa = PBXFileReference; lastKnownFileType = sourcecode.swift; path = MovieManager.swift; sourceTree = "<group>"; };
		EB3ED2072C9FB7E900070D8A /* FavoritesManager.swift */ = {isa = PBXFileReference; lastKnownFileType = sourcecode.swift; path = FavoritesManager.swift; sourceTree = "<group>"; };
		EB3ED2092C9FBF8A00070D8A /* FavoritesCollectionViewController.swift */ = {isa = PBXFileReference; lastKnownFileType = sourcecode.swift; path = FavoritesCollectionViewController.swift; sourceTree = "<group>"; };
		EB3ED20B2CA09BFF00070D8A /* MovieCollectionViewCell.swift */ = {isa = PBXFileReference; lastKnownFileType = sourcecode.swift; path = MovieCollectionViewCell.swift; sourceTree = "<group>"; };
		F93238992CA0E23000B82035 /* WatchedMoviesMarker.h */ = {isa = PBXFileReference; lastKnownFileType = sourcecode.c.h; path = WatchedMoviesMarker.h; sourceTree = "<group>"; };
		F932389A2CA0E23000B82035 /* WatchedMoviesMarker.m */ = {isa = PBXFileReference; lastKnownFileType = sourcecode.c.objc; path = WatchedMoviesMarker.m; sourceTree = "<group>"; };
/* End PBXFileReference section */

/* Begin PBXFrameworksBuildPhase section */
		8BA450942C9913BB00F92002 /* Frameworks */ = {
			isa = PBXFrameworksBuildPhase;
			buildActionMask = 2147483647;
			files = (
			);
			runOnlyForDeploymentPostprocessing = 0;
		};
/* End PBXFrameworksBuildPhase section */

/* Begin PBXGroup section */
		8BA4508E2C9913BB00F92002 = {
			isa = PBXGroup;
			children = (
				8BA450992C9913BB00F92002 /* Lab 1 */,
				8BA450982C9913BB00F92002 /* Products */,
			);
			sourceTree = "<group>";
		};
		8BA450982C9913BB00F92002 /* Products */ = {
			isa = PBXGroup;
			children = (
				8BA450972C9913BB00F92002 /* Lab 1.app */,
			);
			name = Products;
			sourceTree = "<group>";
		};
		8BA450992C9913BB00F92002 /* Lab 1 */ = {
			isa = PBXGroup;
			children = (
				EB3ED2072C9FB7E900070D8A /* FavoritesManager.swift */,
				8BA4509A2C9913BB00F92002 /* AppDelegate.swift */,
				8BA4509C2C9913BB00F92002 /* SceneDelegate.swift */,
				8BA4509E2C9913BB00F92002 /* ViewController.swift */,
				8BA450B42C99228200F92002 /* MovieTableViewController.swift */,
				8BA450B62C99248500F92002 /* MovieDetailViewController.swift */,
				8B8198712CA081B800DF3341 /* ImageZoomViewController.swift */,
				8BA450B82C9A5F3600F92002 /* Movie.swift */,
				8BA450BA2C9A5F5700F92002 /* MovieManager.swift */,
				8BA450A02C9913BB00F92002 /* Main.storyboard */,
				8BA450A32C9913BD00F92002 /* Assets.xcassets */,
				8BA450A52C9913BD00F92002 /* LaunchScreen.storyboard */,
				8BA450A82C9913BD00F92002 /* Info.plist */,
				EB3ED2092C9FBF8A00070D8A /* FavoritesCollectionViewController.swift */,
				EB3ED20B2CA09BFF00070D8A /* MovieCollectionViewCell.swift */,
				F93238992CA0E23000B82035 /* WatchedMoviesMarker.h */,
				F932389A2CA0E23000B82035 /* WatchedMoviesMarker.m */,
			);
			path = "Lab 1";
			sourceTree = "<group>";
		};
/* End PBXGroup section */

/* Begin PBXNativeTarget section */
		8BA450962C9913BB00F92002 /* Lab 1 */ = {
			isa = PBXNativeTarget;
			buildConfigurationList = 8BA450AB2C9913BD00F92002 /* Build configuration list for PBXNativeTarget "Lab 1" */;
			buildPhases = (
				8BA450932C9913BB00F92002 /* Sources */,
				8BA450942C9913BB00F92002 /* Frameworks */,
				8BA450952C9913BB00F92002 /* Resources */,
			);
			buildRules = (
			);
			dependencies = (
			);
			name = "Lab 1";
			productName = "Lab 1";
			productReference = 8BA450972C9913BB00F92002 /* Lab 1.app */;
			productType = "com.apple.product-type.application";
		};
/* End PBXNativeTarget section */

/* Begin PBXProject section */
		8BA4508F2C9913BB00F92002 /* Project object */ = {
			isa = PBXProject;
			attributes = {
				BuildIndependentTargetsInParallel = 1;
				LastSwiftUpdateCheck = 1540;
				LastUpgradeCheck = 1540;
				TargetAttributes = {
					8BA450962C9913BB00F92002 = {
						CreatedOnToolsVersion = 15.4;
						LastSwiftMigration = 1540;
					};
				};
			};
			buildConfigurationList = 8BA450922C9913BB00F92002 /* Build configuration list for PBXProject "Lab 1" */;
			compatibilityVersion = "Xcode 14.0";
			developmentRegion = en;
			hasScannedForEncodings = 0;
			knownRegions = (
				en,
				Base,
			);
			mainGroup = 8BA4508E2C9913BB00F92002;
			productRefGroup = 8BA450982C9913BB00F92002 /* Products */;
			projectDirPath = "";
			projectRoot = "";
			targets = (
				8BA450962C9913BB00F92002 /* Lab 1 */,
			);
		};
/* End PBXProject section */

/* Begin PBXResourcesBuildPhase section */
		8BA450952C9913BB00F92002 /* Resources */ = {
			isa = PBXResourcesBuildPhase;
			buildActionMask = 2147483647;
			files = (
				8BA450A42C9913BD00F92002 /* Assets.xcassets in Resources */,
				8BA450A72C9913BD00F92002 /* Base in Resources */,
				8BA450A22C9913BB00F92002 /* Base in Resources */,
			);
			runOnlyForDeploymentPostprocessing = 0;
		};
/* End PBXResourcesBuildPhase section */

/* Begin PBXSourcesBuildPhase section */
		8BA450932C9913BB00F92002 /* Sources */ = {
			isa = PBXSourcesBuildPhase;
			buildActionMask = 2147483647;
			files = (
				8BA450B52C99228200F92002 /* MovieTableViewController.swift in Sources */,
				EB3ED20A2C9FBF8A00070D8A /* FavoritesCollectionViewController.swift in Sources */,
				8BA450B72C99248500F92002 /* MovieDetailViewController.swift in Sources */,
				8BA450BB2C9A5F5700F92002 /* MovieManager.swift in Sources */,
				EB3ED20C2CA09BFF00070D8A /* MovieCollectionViewCell.swift in Sources */,
				F932389B2CA0E23000B82035 /* WatchedMoviesMarker.m in Sources */,
				8BA450B92C9A5F3600F92002 /* Movie.swift in Sources */,
				8BA4509F2C9913BB00F92002 /* ViewController.swift in Sources */,
				8BA4509B2C9913BB00F92002 /* AppDelegate.swift in Sources */,
				8B8198722CA081B800DF3341 /* ImageZoomViewController.swift in Sources */,
				8BA4509D2C9913BB00F92002 /* SceneDelegate.swift in Sources */,
				EB3ED2082C9FB7E900070D8A /* FavoritesManager.swift in Sources */,
			);
			runOnlyForDeploymentPostprocessing = 0;
		};
/* End PBXSourcesBuildPhase section */

/* Begin PBXVariantGroup section */
		8BA450A02C9913BB00F92002 /* Main.storyboard */ = {
			isa = PBXVariantGroup;
			children = (
				8BA450A12C9913BB00F92002 /* Base */,
			);
			name = Main.storyboard;
			sourceTree = "<group>";
		};
		8BA450A52C9913BD00F92002 /* LaunchScreen.storyboard */ = {
			isa = PBXVariantGroup;
			children = (
				8BA450A62C9913BD00F92002 /* Base */,
			);
			name = LaunchScreen.storyboard;
			sourceTree = "<group>";
		};
/* End PBXVariantGroup section */

/* Begin XCBuildConfiguration section */
		8BA450A92C9913BD00F92002 /* Debug */ = {
			isa = XCBuildConfiguration;
			buildSettings = {
				ALWAYS_SEARCH_USER_PATHS = NO;
				ASSETCATALOG_COMPILER_GENERATE_SWIFT_ASSET_SYMBOL_EXTENSIONS = YES;
				CLANG_ANALYZER_NONNULL = YES;
				CLANG_ANALYZER_NUMBER_OBJECT_CONVERSION = YES_AGGRESSIVE;
				CLANG_CXX_LANGUAGE_STANDARD = "gnu++20";
				CLANG_ENABLE_MODULES = YES;
				CLANG_ENABLE_OBJC_ARC = YES;
				CLANG_ENABLE_OBJC_WEAK = YES;
				CLANG_WARN_BLOCK_CAPTURE_AUTORELEASING = YES;
				CLANG_WARN_BOOL_CONVERSION = YES;
				CLANG_WARN_COMMA = YES;
				CLANG_WARN_CONSTANT_CONVERSION = YES;
				CLANG_WARN_DEPRECATED_OBJC_IMPLEMENTATIONS = YES;
				CLANG_WARN_DIRECT_OBJC_ISA_USAGE = YES_ERROR;
				CLANG_WARN_DOCUMENTATION_COMMENTS = YES;
				CLANG_WARN_EMPTY_BODY = YES;
				CLANG_WARN_ENUM_CONVERSION = YES;
				CLANG_WARN_INFINITE_RECURSION = YES;
				CLANG_WARN_INT_CONVERSION = YES;
				CLANG_WARN_NON_LITERAL_NULL_CONVERSION = YES;
				CLANG_WARN_OBJC_IMPLICIT_RETAIN_SELF = YES;
				CLANG_WARN_OBJC_LITERAL_CONVERSION = YES;
				CLANG_WARN_OBJC_ROOT_CLASS = YES_ERROR;
				CLANG_WARN_QUOTED_INCLUDE_IN_FRAMEWORK_HEADER = YES;
				CLANG_WARN_RANGE_LOOP_ANALYSIS = YES;
				CLANG_WARN_STRICT_PROTOTYPES = YES;
				CLANG_WARN_SUSPICIOUS_MOVE = YES;
				CLANG_WARN_UNGUARDED_AVAILABILITY = YES_AGGRESSIVE;
				CLANG_WARN_UNREACHABLE_CODE = YES;
				CLANG_WARN__DUPLICATE_METHOD_MATCH = YES;
				COPY_PHASE_STRIP = NO;
				DEBUG_INFORMATION_FORMAT = dwarf;
				ENABLE_STRICT_OBJC_MSGSEND = YES;
				ENABLE_TESTABILITY = YES;
				ENABLE_USER_SCRIPT_SANDBOXING = YES;
				GCC_C_LANGUAGE_STANDARD = gnu17;
				GCC_DYNAMIC_NO_PIC = NO;
				GCC_NO_COMMON_BLOCKS = YES;
				GCC_OPTIMIZATION_LEVEL = 0;
				GCC_PREPROCESSOR_DEFINITIONS = (
					"DEBUG=1",
					"$(inherited)",
				);
				GCC_WARN_64_TO_32_BIT_CONVERSION = YES;
				GCC_WARN_ABOUT_RETURN_TYPE = YES_ERROR;
				GCC_WARN_UNDECLARED_SELECTOR = YES;
				GCC_WARN_UNINITIALIZED_AUTOS = YES_AGGRESSIVE;
				GCC_WARN_UNUSED_FUNCTION = YES;
				GCC_WARN_UNUSED_VARIABLE = YES;
				IPHONEOS_DEPLOYMENT_TARGET = 17.5;
				LOCALIZATION_PREFERS_STRING_CATALOGS = YES;
				MTL_ENABLE_DEBUG_INFO = INCLUDE_SOURCE;
				MTL_FAST_MATH = YES;
				ONLY_ACTIVE_ARCH = YES;
				SDKROOT = iphoneos;
				SWIFT_ACTIVE_COMPILATION_CONDITIONS = "DEBUG $(inherited)";
				SWIFT_OPTIMIZATION_LEVEL = "-Onone";
			};
			name = Debug;
		};
		8BA450AA2C9913BD00F92002 /* Release */ = {
			isa = XCBuildConfiguration;
			buildSettings = {
				ALWAYS_SEARCH_USER_PATHS = NO;
				ASSETCATALOG_COMPILER_GENERATE_SWIFT_ASSET_SYMBOL_EXTENSIONS = YES;
				CLANG_ANALYZER_NONNULL = YES;
				CLANG_ANALYZER_NUMBER_OBJECT_CONVERSION = YES_AGGRESSIVE;
				CLANG_CXX_LANGUAGE_STANDARD = "gnu++20";
				CLANG_ENABLE_MODULES = YES;
				CLANG_ENABLE_OBJC_ARC = YES;
				CLANG_ENABLE_OBJC_WEAK = YES;
				CLANG_WARN_BLOCK_CAPTURE_AUTORELEASING = YES;
				CLANG_WARN_BOOL_CONVERSION = YES;
				CLANG_WARN_COMMA = YES;
				CLANG_WARN_CONSTANT_CONVERSION = YES;
				CLANG_WARN_DEPRECATED_OBJC_IMPLEMENTATIONS = YES;
				CLANG_WARN_DIRECT_OBJC_ISA_USAGE = YES_ERROR;
				CLANG_WARN_DOCUMENTATION_COMMENTS = YES;
				CLANG_WARN_EMPTY_BODY = YES;
				CLANG_WARN_ENUM_CONVERSION = YES;
				CLANG_WARN_INFINITE_RECURSION = YES;
				CLANG_WARN_INT_CONVERSION = YES;
				CLANG_WARN_NON_LITERAL_NULL_CONVERSION = YES;
				CLANG_WARN_OBJC_IMPLICIT_RETAIN_SELF = YES;
				CLANG_WARN_OBJC_LITERAL_CONVERSION = YES;
				CLANG_WARN_OBJC_ROOT_CLASS = YES_ERROR;
				CLANG_WARN_QUOTED_INCLUDE_IN_FRAMEWORK_HEADER = YES;
				CLANG_WARN_RANGE_LOOP_ANALYSIS = YES;
				CLANG_WARN_STRICT_PROTOTYPES = YES;
				CLANG_WARN_SUSPICIOUS_MOVE = YES;
				CLANG_WARN_UNGUARDED_AVAILABILITY = YES_AGGRESSIVE;
				CLANG_WARN_UNREACHABLE_CODE = YES;
				CLANG_WARN__DUPLICATE_METHOD_MATCH = YES;
				COPY_PHASE_STRIP = NO;
				DEBUG_INFORMATION_FORMAT = "dwarf-with-dsym";
				ENABLE_NS_ASSERTIONS = NO;
				ENABLE_STRICT_OBJC_MSGSEND = YES;
				ENABLE_USER_SCRIPT_SANDBOXING = YES;
				GCC_C_LANGUAGE_STANDARD = gnu17;
				GCC_NO_COMMON_BLOCKS = YES;
				GCC_WARN_64_TO_32_BIT_CONVERSION = YES;
				GCC_WARN_ABOUT_RETURN_TYPE = YES_ERROR;
				GCC_WARN_UNDECLARED_SELECTOR = YES;
				GCC_WARN_UNINITIALIZED_AUTOS = YES_AGGRESSIVE;
				GCC_WARN_UNUSED_FUNCTION = YES;
				GCC_WARN_UNUSED_VARIABLE = YES;
				IPHONEOS_DEPLOYMENT_TARGET = 17.5;
				LOCALIZATION_PREFERS_STRING_CATALOGS = YES;
				MTL_ENABLE_DEBUG_INFO = NO;
				MTL_FAST_MATH = YES;
				SDKROOT = iphoneos;
				SWIFT_COMPILATION_MODE = wholemodule;
				VALIDATE_PRODUCT = YES;
			};
			name = Release;
		};
		8BA450AC2C9913BD00F92002 /* Debug */ = {
			isa = XCBuildConfiguration;
			buildSettings = {
				ASSETCATALOG_COMPILER_APPICON_NAME = AppIcon;
				ASSETCATALOG_COMPILER_GLOBAL_ACCENT_COLOR_NAME = AccentColor;
				CLANG_ENABLE_MODULES = YES;
				CODE_SIGN_STYLE = Automatic;
				CURRENT_PROJECT_VERSION = 1;
				DEVELOPMENT_TEAM = R7F5S3W42K;
				GENERATE_INFOPLIST_FILE = YES;
				INFOPLIST_FILE = "Lab 1/Info.plist";
				INFOPLIST_KEY_UIApplicationSupportsIndirectInputEvents = YES;
				INFOPLIST_KEY_UILaunchStoryboardName = LaunchScreen;
				INFOPLIST_KEY_UIMainStoryboardFile = Main;
				INFOPLIST_KEY_UISupportedInterfaceOrientations_iPad = "UIInterfaceOrientationPortrait UIInterfaceOrientationPortraitUpsideDown UIInterfaceOrientationLandscapeLeft UIInterfaceOrientationLandscapeRight";
				INFOPLIST_KEY_UISupportedInterfaceOrientations_iPhone = "UIInterfaceOrientationPortrait UIInterfaceOrientationLandscapeLeft UIInterfaceOrientationLandscapeRight";
				LD_RUNPATH_SEARCH_PATHS = (
					"$(inherited)",
					"@executable_path/Frameworks",
				);
				MARKETING_VERSION = 1.0;
				PRODUCT_BUNDLE_IDENTIFIER = "Cardot.Lab-1";
				PRODUCT_NAME = "$(TARGET_NAME)";
				SWIFT_EMIT_LOC_STRINGS = YES;
				SWIFT_OBJC_BRIDGING_HEADER = "Lab 1/Lab 1-Bridging-Header.h";
				SWIFT_OPTIMIZATION_LEVEL = "-Onone";
				SWIFT_VERSION = 5.0;
				TARGETED_DEVICE_FAMILY = "1,2";
			};
			name = Debug;
		};
		8BA450AD2C9913BD00F92002 /* Release */ = {
			isa = XCBuildConfiguration;
			buildSettings = {
				ASSETCATALOG_COMPILER_APPICON_NAME = AppIcon;
				ASSETCATALOG_COMPILER_GLOBAL_ACCENT_COLOR_NAME = AccentColor;
				CLANG_ENABLE_MODULES = YES;
				CODE_SIGN_STYLE = Automatic;
				CURRENT_PROJECT_VERSION = 1;
				DEVELOPMENT_TEAM = R7F5S3W42K;
				GENERATE_INFOPLIST_FILE = YES;
				INFOPLIST_FILE = "Lab 1/Info.plist";
				INFOPLIST_KEY_UIApplicationSupportsIndirectInputEvents = YES;
				INFOPLIST_KEY_UILaunchStoryboardName = LaunchScreen;
				INFOPLIST_KEY_UIMainStoryboardFile = Main;
				INFOPLIST_KEY_UISupportedInterfaceOrientations_iPad = "UIInterfaceOrientationPortrait UIInterfaceOrientationPortraitUpsideDown UIInterfaceOrientationLandscapeLeft UIInterfaceOrientationLandscapeRight";
				INFOPLIST_KEY_UISupportedInterfaceOrientations_iPhone = "UIInterfaceOrientationPortrait UIInterfaceOrientationLandscapeLeft UIInterfaceOrientationLandscapeRight";
				LD_RUNPATH_SEARCH_PATHS = (
					"$(inherited)",
					"@executable_path/Frameworks",
				);
				MARKETING_VERSION = 1.0;
				PRODUCT_BUNDLE_IDENTIFIER = "Cardot.Lab-1";
				PRODUCT_NAME = "$(TARGET_NAME)";
				SWIFT_EMIT_LOC_STRINGS = YES;
				SWIFT_OBJC_BRIDGING_HEADER = "Lab 1/Lab 1-Bridging-Header.h";
				SWIFT_VERSION = 5.0;
				TARGETED_DEVICE_FAMILY = "1,2";
			};
			name = Release;
		};
/* End XCBuildConfiguration section */

/* Begin XCConfigurationList section */
		8BA450922C9913BB00F92002 /* Build configuration list for PBXProject "Lab 1" */ = {
			isa = XCConfigurationList;
			buildConfigurations = (
				8BA450A92C9913BD00F92002 /* Debug */,
				8BA450AA2C9913BD00F92002 /* Release */,
			);
			defaultConfigurationIsVisible = 0;
			defaultConfigurationName = Release;
		};
		8BA450AB2C9913BD00F92002 /* Build configuration list for PBXNativeTarget "Lab 1" */ = {
			isa = XCConfigurationList;
			buildConfigurations = (
				8BA450AC2C9913BD00F92002 /* Debug */,
				8BA450AD2C9913BD00F92002 /* Release */,
			);
			defaultConfigurationIsVisible = 0;
			defaultConfigurationName = Release;
		};
/* End XCConfigurationList section */
	};
	rootObject = 8BA4508F2C9913BB00F92002 /* Project object */;
}
